
Microsoft Visual Studio Solution File, Format Version 12.00
# Visual Studio 15
VisualStudioVersion = 15.0.26228.12
MinimumVisualStudioVersion = 10.0.40219.1
Project("{FAE04EC0-301F-11D3-BF4B-00C04F79EFBC}") = "Pratiques pour l'examen 2", "Pratiques pour l'examen 2\Pratiques pour l'examen 2.csproj", "{1F390E3E-3860-47DD-80AC-197A3567847B}"
EndProject
Project("{FAE04EC0-301F-11D3-BF4B-00C04F79EFBC}") = "EnumPratique01", "EnumPratique01\EnumPratique01.csproj", "{B1930E19-AF05-4983-98B4-31466CF8E51B}"
EndProject
Project("{FAE04EC0-301F-11D3-BF4B-00C04F79EFBC}") = "Tableaux", "Tableaux\Tableaux.csproj", "{17FB7E72-7677-409E-95F8-41D7337152E6}"
EndProject
Project("{FAE04EC0-301F-11D3-BF4B-00C04F79EFBC}") = "Tableaux 2D", "Tableaux 2D\Tableaux 2D.csproj", "{34FF090E-E90B-4ACB-97F6-7E89C90E5B8A}"
EndProject
Project("{FAE04EC0-301F-11D3-BF4B-00C04F79EFBC}") = "Tableaux2d - Calendrier", "Tableaux2d - Calendrier\Tableaux2d - Calendrier.csproj", "{67844F22-04A6-4858-96A1-7E4E4793C45B}"
EndProject
Project("{FAE04EC0-301F-11D3-BF4B-00C04F79EFBC}") = "Tableau d'objets", "Tableau d'objets\Tableau d'objets.csproj", "{3791928D-B16B-42D3-BF5C-E182CFC446EC}"
EndProject
Global
	GlobalSection(SolutionConfigurationPlatforms) = preSolution
		Debug|Any CPU = Debug|Any CPU
		Release|Any CPU = Release|Any CPU
	EndGlobalSection
	GlobalSection(ProjectConfigurationPlatforms) = postSolution
		{1F390E3E-3860-47DD-80AC-197A3567847B}.Debug|Any CPU.ActiveCfg = Debug|Any CPU
		{1F390E3E-3860-47DD-80AC-197A3567847B}.Debug|Any CPU.Build.0 = Debug|Any CPU
		{1F390E3E-3860-47DD-80AC-197A3567847B}.Release|Any CPU.ActiveCfg = Release|Any CPU
		{1F390E3E-3860-47DD-80AC-197A3567847B}.Release|Any CPU.Build.0 = Release|Any CPU
		{B1930E19-AF05-4983-98B4-31466CF8E51B}.Debug|Any CPU.ActiveCfg = Debug|Any CPU
		{B1930E19-AF05-4983-98B4-31466CF8E51B}.Debug|Any CPU.Build.0 = Debug|Any CPU
		{B1930E19-AF05-4983-98B4-31466CF8E51B}.Release|Any CPU.ActiveCfg = Release|Any CPU
		{B1930E19-AF05-4983-98B4-31466CF8E51B}.Release|Any CPU.Build.0 = Release|Any CPU
		{17FB7E72-7677-409E-95F8-41D7337152E6}.Debug|Any CPU.ActiveCfg = Debug|Any CPU
		{17FB7E72-7677-409E-95F8-41D7337152E6}.Debug|Any CPU.Build.0 = Debug|Any CPU
		{17FB7E72-7677-409E-95F8-41D7337152E6}.Release|Any CPU.ActiveCfg = Release|Any CPU
		{17FB7E72-7677-409E-95F8-41D7337152E6}.Release|Any CPU.Build.0 = Release|Any CPU
		{34FF090E-E90B-4ACB-97F6-7E89C90E5B8A}.Debug|Any CPU.ActiveCfg = Debug|Any CPU
		{34FF090E-E90B-4ACB-97F6-7E89C90E5B8A}.Debug|Any CPU.Build.0 = Debug|Any CPU
		{34FF090E-E90B-4ACB-97F6-7E89C90E5B8A}.Release|Any CPU.ActiveCfg = Release|Any CPU
		{34FF090E-E90B-4ACB-97F6-7E89C90E5B8A}.Release|Any CPU.Build.0 = Release|Any CPU
		{67844F22-04A6-4858-96A1-7E4E4793C45B}.Debug|Any CPU.ActiveCfg = Debug|Any CPU
		{67844F22-04A6-4858-96A1-7E4E4793C45B}.Debug|Any CPU.Build.0 = Debug|Any CPU
		{67844F22-04A6-4858-96A1-7E4E4793C45B}.Release|Any CPU.ActiveCfg = Release|Any CPU
		{67844F22-04A6-4858-96A1-7E4E4793C45B}.Release|Any CPU.Build.0 = Release|Any CPU
		{3791928D-B16B-42D3-BF5C-E182CFC446EC}.Debug|Any CPU.ActiveCfg = Debug|Any CPU
		{3791928D-B16B-42D3-BF5C-E182CFC446EC}.Debug|Any CPU.Build.0 = Debug|Any CPU
		{3791928D-B16B-42D3-BF5C-E182CFC446EC}.Release|Any CPU.ActiveCfg = Release|Any CPU
		{3791928D-B16B-42D3-BF5C-E182CFC446EC}.Release|Any CPU.Build.0 = Release|Any CPU
	EndGlobalSection
	GlobalSection(SolutionProperties) = preSolution
		HideSolutionNode = FALSE
	EndGlobalSection
EndGlobal
